
Microsoft Visual Studio Solution File, Format Version 12.00
# Visual Studio Version 17
VisualStudioVersion = 17.7.34024.191
MinimumVisualStudioVersion = 10.0.40219.1
Project("{FAE04EC0-301F-11D3-BF4B-00C04F79EFBC}") = "CanalDotNetDesignPatternsChainOfResponsibilities", "CanalDotNetDesignPatternsChainOfResponsibilities.csproj", "{6AFC94F3-C875-46F7-9FB9-CEB62FD4BEFF}"
EndProject
Global
	GlobalSection(SolutionConfigurationPlatforms) = preSolution
		Debug|Any CPU = Debug|Any CPU
		Release|Any CPU = Release|Any CPU
	EndGlobalSection
	GlobalSection(ProjectConfigurationPlatforms) = postSolution
		{6AFC94F3-C875-46F7-9FB9-CEB62FD4BEFF}.Debug|Any CPU.ActiveCfg = Debug|Any CPU
		{6AFC94F3-C875-46F7-9FB9-CEB62FD4BEFF}.Debug|Any CPU.Build.0 = Debug|Any CPU
		{6AFC94F3-C875-46F7-9FB9-CEB62FD4BEFF}.Release|Any CPU.ActiveCfg = Release|Any CPU
		{6AFC94F3-C875-46F7-9FB9-CEB62FD4BEFF}.Release|Any CPU.Build.0 = Release|Any CPU
	EndGlobalSection
	GlobalSection(SolutionProperties) = preSolution
		HideSolutionNode = FALSE
	EndGlobalSection
	GlobalSection(ExtensibilityGlobals) = postSolution
		SolutionGuid = {5466F613-4AC7-4C38-9036-358345B99D68}
	EndGlobalSection
EndGlobal
